
Microsoft Visual Studio Solution File, Format Version 12.00
# Visual Studio Version 17
VisualStudioVersion = 17.14.36603.0
MinimumVisualStudioVersion = 10.0.40219.1
Project("{2150E333-8FDC-42A3-9474-1A3956D46DE8}") = "src", "src", "{02EA681E-C7D8-13C7-8484-4AC65E1B71E8}"
EndProject
Project("{2150E333-8FDC-42A3-9474-1A3956D46DE8}") = "Catalog", "Catalog", "{8046C9C6-080D-4460-8476-EBC6B46D0432}"
EndProject
Project("{2150E333-8FDC-42A3-9474-1A3956D46DE8}") = "Gateway", "Gateway", "{C79D0875-21FA-45C8-9B6E-E55B19BE6DF3}"
EndProject
Project("{2150E333-8FDC-42A3-9474-1A3956D46DE8}") = "Services", "Services", "{F03CA801-62A8-4CDE-99F9-ADB5375513DB}"
EndProject
Project("{2150E333-8FDC-42A3-9474-1A3956D46DE8}") = "Identity", "Identity", "{A1E7F4BE-1C18-4264-9280-B75CA43115EE}"
EndProject
Project("{2150E333-8FDC-42A3-9474-1A3956D46DE8}") = "Order", "Order", "{BB5D534E-AE4D-4003-896F-C78D81DF47C0}"
EndProject
Project("{2150E333-8FDC-42A3-9474-1A3956D46DE8}") = "BuildingBlocks", "BuildingBlocks", "{6D1525D1-3AD7-4B74-ACF5-2CBAEB57677C}"
EndProject
Project("{FAE04EC0-301F-11D3-BF4B-00C04F79EFBC}") = "Catalog.Application", "Catalog.Application\Catalog.Application.csproj", "{D832D9F7-212B-471F-BD87-1586A756BE8C}"
EndProject
Project("{FAE04EC0-301F-11D3-BF4B-00C04F79EFBC}") = "Catalog.Domain", "Catalog.Domain\Catalog.Domain.csproj", "{EE633941-8EEC-43C3-9614-16E111C175E4}"
EndProject
Project("{FAE04EC0-301F-11D3-BF4B-00C04F79EFBC}") = "Catalog.Infrastructure", "Catalog.Infrastructure\Catalog.Infrastructure.csproj", "{1B3214FC-2902-4004-B1C6-8DB39709E3F0}"
EndProject
Project("{FAE04EC0-301F-11D3-BF4B-00C04F79EFBC}") = "Catelog.Api", "CatelogApi.Api\Catelog.Api.csproj", "{1989C65E-F16D-470C-8A3A-A1684F420446}"
EndProject
Project("{FAE04EC0-301F-11D3-BF4B-00C04F79EFBC}") = "BuildingBlocks.Shareds", "BuildingBlocks.Shareds\BuildingBlocks.Shareds.csproj", "{40893BE3-AB12-4760-9F0A-C270F2C6E77E}"
EndProject
Project("{FAE04EC0-301F-11D3-BF4B-00C04F79EFBC}") = "Identity.Domain", "Indentity.Domain\Identity.Domain.csproj", "{F71C149A-7FE4-49C5-AFD0-9B90246A0CDF}"
EndProject
Project("{FAE04EC0-301F-11D3-BF4B-00C04F79EFBC}") = "Identity.Application", "Identity.Application\Identity.Application.csproj", "{223C8778-5168-474B-BC97-788CAD97A42B}"
EndProject
Project("{FAE04EC0-301F-11D3-BF4B-00C04F79EFBC}") = "Identity.Infrastructure", "Identity.Infrastructure\Identity.Infrastructure.csproj", "{DCE3565E-614B-4845-9854-85A01AD7CB1A}"
EndProject
Project("{FAE04EC0-301F-11D3-BF4B-00C04F79EFBC}") = "Identity.Api", "Identity.Api\Identity.Api.csproj", "{E4E35664-7BF6-4D67-B51C-07028F3F74DB}"
EndProject
Project("{FAE04EC0-301F-11D3-BF4B-00C04F79EFBC}") = "Order.Application", "Order.Application\Order.Application.csproj", "{B4531F99-C62C-4167-9903-2D986660D3AA}"
EndProject
Project("{FAE04EC0-301F-11D3-BF4B-00C04F79EFBC}") = "Order.Infractructure", "Order.Infractructure\Order.Infractructure.csproj", "{FE755202-9733-4FA2-A1C5-57BB08B4F28D}"
EndProject
Project("{FAE04EC0-301F-11D3-BF4B-00C04F79EFBC}") = "Order.Domain", "Order.Domain\Order.Domain.csproj", "{4B04F4AA-6C6D-4623-BFA2-45BFC5490B4F}"
EndProject
Project("{FAE04EC0-301F-11D3-BF4B-00C04F79EFBC}") = "Order.Api", "Order.Api\Order.Api.csproj", "{2AA0F02D-66FE-470D-B69E-2C0AFD650A83}"
EndProject
Global
	GlobalSection(SolutionConfigurationPlatforms) = preSolution
		Debug|Any CPU = Debug|Any CPU
		Release|Any CPU = Release|Any CPU
	EndGlobalSection
	GlobalSection(ProjectConfigurationPlatforms) = postSolution
		{D832D9F7-212B-471F-BD87-1586A756BE8C}.Debug|Any CPU.ActiveCfg = Debug|Any CPU
		{D832D9F7-212B-471F-BD87-1586A756BE8C}.Debug|Any CPU.Build.0 = Debug|Any CPU
		{D832D9F7-212B-471F-BD87-1586A756BE8C}.Release|Any CPU.ActiveCfg = Release|Any CPU
		{D832D9F7-212B-471F-BD87-1586A756BE8C}.Release|Any CPU.Build.0 = Release|Any CPU
		{EE633941-8EEC-43C3-9614-16E111C175E4}.Debug|Any CPU.ActiveCfg = Debug|Any CPU
		{EE633941-8EEC-43C3-9614-16E111C175E4}.Debug|Any CPU.Build.0 = Debug|Any CPU
		{EE633941-8EEC-43C3-9614-16E111C175E4}.Release|Any CPU.ActiveCfg = Release|Any CPU
		{EE633941-8EEC-43C3-9614-16E111C175E4}.Release|Any CPU.Build.0 = Release|Any CPU
		{1B3214FC-2902-4004-B1C6-8DB39709E3F0}.Debug|Any CPU.ActiveCfg = Debug|Any CPU
		{1B3214FC-2902-4004-B1C6-8DB39709E3F0}.Debug|Any CPU.Build.0 = Debug|Any CPU
		{1B3214FC-2902-4004-B1C6-8DB39709E3F0}.Release|Any CPU.ActiveCfg = Release|Any CPU
		{1B3214FC-2902-4004-B1C6-8DB39709E3F0}.Release|Any CPU.Build.0 = Release|Any CPU
		{1989C65E-F16D-470C-8A3A-A1684F420446}.Debug|Any CPU.ActiveCfg = Debug|Any CPU
		{1989C65E-F16D-470C-8A3A-A1684F420446}.Debug|Any CPU.Build.0 = Debug|Any CPU
		{1989C65E-F16D-470C-8A3A-A1684F420446}.Release|Any CPU.ActiveCfg = Release|Any CPU
		{1989C65E-F16D-470C-8A3A-A1684F420446}.Release|Any CPU.Build.0 = Release|Any CPU
		{40893BE3-AB12-4760-9F0A-C270F2C6E77E}.Debug|Any CPU.ActiveCfg = Debug|Any CPU
		{40893BE3-AB12-4760-9F0A-C270F2C6E77E}.Debug|Any CPU.Build.0 = Debug|Any CPU
		{40893BE3-AB12-4760-9F0A-C270F2C6E77E}.Release|Any CPU.ActiveCfg = Release|Any CPU
		{40893BE3-AB12-4760-9F0A-C270F2C6E77E}.Release|Any CPU.Build.0 = Release|Any CPU
		{F71C149A-7FE4-49C5-AFD0-9B90246A0CDF}.Debug|Any CPU.ActiveCfg = Debug|Any CPU
		{F71C149A-7FE4-49C5-AFD0-9B90246A0CDF}.Debug|Any CPU.Build.0 = Debug|Any CPU
		{F71C149A-7FE4-49C5-AFD0-9B90246A0CDF}.Release|Any CPU.ActiveCfg = Release|Any CPU
		{F71C149A-7FE4-49C5-AFD0-9B90246A0CDF}.Release|Any CPU.Build.0 = Release|Any CPU
		{223C8778-5168-474B-BC97-788CAD97A42B}.Debug|Any CPU.ActiveCfg = Debug|Any CPU
		{223C8778-5168-474B-BC97-788CAD97A42B}.Debug|Any CPU.Build.0 = Debug|Any CPU
		{223C8778-5168-474B-BC97-788CAD97A42B}.Release|Any CPU.ActiveCfg = Release|Any CPU
		{223C8778-5168-474B-BC97-788CAD97A42B}.Release|Any CPU.Build.0 = Release|Any CPU
		{DCE3565E-614B-4845-9854-85A01AD7CB1A}.Debug|Any CPU.ActiveCfg = Debug|Any CPU
		{DCE3565E-614B-4845-9854-85A01AD7CB1A}.Debug|Any CPU.Build.0 = Debug|Any CPU
		{DCE3565E-614B-4845-9854-85A01AD7CB1A}.Release|Any CPU.ActiveCfg = Release|Any CPU
		{DCE3565E-614B-4845-9854-85A01AD7CB1A}.Release|Any CPU.Build.0 = Release|Any CPU
		{E4E35664-7BF6-4D67-B51C-07028F3F74DB}.Debug|Any CPU.ActiveCfg = Debug|Any CPU
		{E4E35664-7BF6-4D67-B51C-07028F3F74DB}.Debug|Any CPU.Build.0 = Debug|Any CPU
		{E4E35664-7BF6-4D67-B51C-07028F3F74DB}.Release|Any CPU.ActiveCfg = Release|Any CPU
		{E4E35664-7BF6-4D67-B51C-07028F3F74DB}.Release|Any CPU.Build.0 = Release|Any CPU
		{B4531F99-C62C-4167-9903-2D986660D3AA}.Debug|Any CPU.ActiveCfg = Debug|Any CPU
		{B4531F99-C62C-4167-9903-2D986660D3AA}.Debug|Any CPU.Build.0 = Debug|Any CPU
		{B4531F99-C62C-4167-9903-2D986660D3AA}.Release|Any CPU.ActiveCfg = Release|Any CPU
		{B4531F99-C62C-4167-9903-2D986660D3AA}.Release|Any CPU.Build.0 = Release|Any CPU
		{FE755202-9733-4FA2-A1C5-57BB08B4F28D}.Debug|Any CPU.ActiveCfg = Debug|Any CPU
		{FE755202-9733-4FA2-A1C5-57BB08B4F28D}.Debug|Any CPU.Build.0 = Debug|Any CPU
		{FE755202-9733-4FA2-A1C5-57BB08B4F28D}.Release|Any CPU.ActiveCfg = Release|Any CPU
		{FE755202-9733-4FA2-A1C5-57BB08B4F28D}.Release|Any CPU.Build.0 = Release|Any CPU
		{4B04F4AA-6C6D-4623-BFA2-45BFC5490B4F}.Debug|Any CPU.ActiveCfg = Debug|Any CPU
		{4B04F4AA-6C6D-4623-BFA2-45BFC5490B4F}.Debug|Any CPU.Build.0 = Debug|Any CPU
		{4B04F4AA-6C6D-4623-BFA2-45BFC5490B4F}.Release|Any CPU.ActiveCfg = Release|Any CPU
		{4B04F4AA-6C6D-4623-BFA2-45BFC5490B4F}.Release|Any CPU.Build.0 = Release|Any CPU
		{2AA0F02D-66FE-470D-B69E-2C0AFD650A83}.Debug|Any CPU.ActiveCfg = Debug|Any CPU
		{2AA0F02D-66FE-470D-B69E-2C0AFD650A83}.Debug|Any CPU.Build.0 = Debug|Any CPU
		{2AA0F02D-66FE-470D-B69E-2C0AFD650A83}.Release|Any CPU.ActiveCfg = Release|Any CPU
		{2AA0F02D-66FE-470D-B69E-2C0AFD650A83}.Release|Any CPU.Build.0 = Release|Any CPU
	EndGlobalSection
	GlobalSection(SolutionProperties) = preSolution
		HideSolutionNode = FALSE
	EndGlobalSection
	GlobalSection(NestedProjects) = preSolution
		{8046C9C6-080D-4460-8476-EBC6B46D0432} = {F03CA801-62A8-4CDE-99F9-ADB5375513DB}
		{C79D0875-21FA-45C8-9B6E-E55B19BE6DF3} = {02EA681E-C7D8-13C7-8484-4AC65E1B71E8}
		{F03CA801-62A8-4CDE-99F9-ADB5375513DB} = {02EA681E-C7D8-13C7-8484-4AC65E1B71E8}
		{A1E7F4BE-1C18-4264-9280-B75CA43115EE} = {F03CA801-62A8-4CDE-99F9-ADB5375513DB}
		{BB5D534E-AE4D-4003-896F-C78D81DF47C0} = {F03CA801-62A8-4CDE-99F9-ADB5375513DB}
		{6D1525D1-3AD7-4B74-ACF5-2CBAEB57677C} = {02EA681E-C7D8-13C7-8484-4AC65E1B71E8}
		{D832D9F7-212B-471F-BD87-1586A756BE8C} = {8046C9C6-080D-4460-8476-EBC6B46D0432}
		{EE633941-8EEC-43C3-9614-16E111C175E4} = {8046C9C6-080D-4460-8476-EBC6B46D0432}
		{1B3214FC-2902-4004-B1C6-8DB39709E3F0} = {8046C9C6-080D-4460-8476-EBC6B46D0432}
		{1989C65E-F16D-470C-8A3A-A1684F420446} = {8046C9C6-080D-4460-8476-EBC6B46D0432}
		{40893BE3-AB12-4760-9F0A-C270F2C6E77E} = {6D1525D1-3AD7-4B74-ACF5-2CBAEB57677C}
		{F71C149A-7FE4-49C5-AFD0-9B90246A0CDF} = {A1E7F4BE-1C18-4264-9280-B75CA43115EE}
		{223C8778-5168-474B-BC97-788CAD97A42B} = {A1E7F4BE-1C18-4264-9280-B75CA43115EE}
		{DCE3565E-614B-4845-9854-85A01AD7CB1A} = {A1E7F4BE-1C18-4264-9280-B75CA43115EE}
		{E4E35664-7BF6-4D67-B51C-07028F3F74DB} = {A1E7F4BE-1C18-4264-9280-B75CA43115EE}
		{B4531F99-C62C-4167-9903-2D986660D3AA} = {BB5D534E-AE4D-4003-896F-C78D81DF47C0}
		{FE755202-9733-4FA2-A1C5-57BB08B4F28D} = {BB5D534E-AE4D-4003-896F-C78D81DF47C0}
		{4B04F4AA-6C6D-4623-BFA2-45BFC5490B4F} = {BB5D534E-AE4D-4003-896F-C78D81DF47C0}
		{2AA0F02D-66FE-470D-B69E-2C0AFD650A83} = {BB5D534E-AE4D-4003-896F-C78D81DF47C0}
	EndGlobalSection
	GlobalSection(ExtensibilityGlobals) = postSolution
		SolutionGuid = {38B322E7-41BA-4D2F-8A2F-B105846178F1}
	EndGlobalSection
EndGlobal
